
Microsoft Visual Studio Solution File, Format Version 12.00
# Visual Studio Version 17
VisualStudioVersion = 17.9.34728.123
MinimumVisualStudioVersion = 10.0.40219.1
Project("{F184B08F-C81C-45F6-A57F-5ABD9991F28F}") = "Cartooners File Viewer", "Cartooners File Viewer.vbproj", "{76C4C41A-21E6-4364-B691-4AB3B7947FF3}"
EndProject
Global
	GlobalSection(SolutionConfigurationPlatforms) = preSolution
		Debug|x86 = Debug|x86
		Release|x86 = Release|x86
	EndGlobalSection
	GlobalSection(ProjectConfigurationPlatforms) = postSolution
		{76C4C41A-21E6-4364-B691-4AB3B7947FF3}.Debug|x86.ActiveCfg = Debug|x86
		{76C4C41A-21E6-4364-B691-4AB3B7947FF3}.Debug|x86.Build.0 = Debug|x86
		{76C4C41A-21E6-4364-B691-4AB3B7947FF3}.Release|x86.ActiveCfg = Release|x86
		{76C4C41A-21E6-4364-B691-4AB3B7947FF3}.Release|x86.Build.0 = Release|x86
	EndGlobalSection
	GlobalSection(SolutionProperties) = preSolution
		HideSolutionNode = FALSE
	EndGlobalSection
	GlobalSection(ExtensibilityGlobals) = postSolution
		SolutionGuid = {2B24A143-2209-453E-AA72-1B0B9D0ED2CB}
	EndGlobalSection
EndGlobal
